
Microsoft Visual Studio Solution File, Format Version 12.00
# Visual Studio Version 17
VisualStudioVersion = 17.1.32210.238
MinimumVisualStudioVersion = 10.0.40219.1
Project("{FAE04EC0-301F-11D3-BF4B-00C04F79EFBC}") = "MvcProjeKampi", "MvcProjeKampi\MvcProjeKampi.csproj", "{9B460154-8321-40CB-8410-9AB711C5DDB7}"
EndProject
Project("{FAE04EC0-301F-11D3-BF4B-00C04F79EFBC}") = "EntityLayer", "EntityLayer\EntityLayer.csproj", "{33A31121-6799-4EB6-8788-C019CF8F92F2}"
EndProject
Project("{FAE04EC0-301F-11D3-BF4B-00C04F79EFBC}") = "DataAccessLayer", "DataAccessLayer\DataAccessLayer.csproj", "{BE6DA83B-583F-4133-80DE-AAA8E83E2BC1}"
EndProject
Project("{FAE04EC0-301F-11D3-BF4B-00C04F79EFBC}") = "BusinessLayer", "BusinessLayer\BusinessLayer.csproj", "{475C60E7-60D7-45DB-A01B-1D54E1BA5AE3}"
EndProject
Global
	GlobalSection(SolutionConfigurationPlatforms) = preSolution
		Debug|Any CPU = Debug|Any CPU
		Release|Any CPU = Release|Any CPU
	EndGlobalSection
	GlobalSection(ProjectConfigurationPlatforms) = postSolution
		{9B460154-8321-40CB-8410-9AB711C5DDB7}.Debug|Any CPU.ActiveCfg = Debug|Any CPU
		{9B460154-8321-40CB-8410-9AB711C5DDB7}.Debug|Any CPU.Build.0 = Debug|Any CPU
		{9B460154-8321-40CB-8410-9AB711C5DDB7}.Release|Any CPU.ActiveCfg = Release|Any CPU
		{9B460154-8321-40CB-8410-9AB711C5DDB7}.Release|Any CPU.Build.0 = Release|Any CPU
		{33A31121-6799-4EB6-8788-C019CF8F92F2}.Debug|Any CPU.ActiveCfg = Debug|Any CPU
		{33A31121-6799-4EB6-8788-C019CF8F92F2}.Debug|Any CPU.Build.0 = Debug|Any CPU
		{33A31121-6799-4EB6-8788-C019CF8F92F2}.Release|Any CPU.ActiveCfg = Release|Any CPU
		{33A31121-6799-4EB6-8788-C019CF8F92F2}.Release|Any CPU.Build.0 = Release|Any CPU
		{BE6DA83B-583F-4133-80DE-AAA8E83E2BC1}.Debug|Any CPU.ActiveCfg = Debug|Any CPU
		{BE6DA83B-583F-4133-80DE-AAA8E83E2BC1}.Debug|Any CPU.Build.0 = Debug|Any CPU
		{BE6DA83B-583F-4133-80DE-AAA8E83E2BC1}.Release|Any CPU.ActiveCfg = Release|Any CPU
		{BE6DA83B-583F-4133-80DE-AAA8E83E2BC1}.Release|Any CPU.Build.0 = Release|Any CPU
		{475C60E7-60D7-45DB-A01B-1D54E1BA5AE3}.Debug|Any CPU.ActiveCfg = Debug|Any CPU
		{475C60E7-60D7-45DB-A01B-1D54E1BA5AE3}.Debug|Any CPU.Build.0 = Debug|Any CPU
		{475C60E7-60D7-45DB-A01B-1D54E1BA5AE3}.Release|Any CPU.ActiveCfg = Release|Any CPU
		{475C60E7-60D7-45DB-A01B-1D54E1BA5AE3}.Release|Any CPU.Build.0 = Release|Any CPU
	EndGlobalSection
	GlobalSection(SolutionProperties) = preSolution
		HideSolutionNode = FALSE
	EndGlobalSection
	GlobalSection(ExtensibilityGlobals) = postSolution
		SolutionGuid = {5DF1B3A3-854E-470A-8D6B-4605543A16B2}
	EndGlobalSection
EndGlobal
